// !$*UTF8*$!
{
	archiveVersion = 1;
	classes = {
	};
	objectVersion = 46;
	objects = {

/* Begin PBXBuildFile section */
		120915941EB2774100EF0C85 /* CustomViewCell.swift in Sources */ = {isa = PBXBuildFile; fileRef = 120915931EB2774100EF0C85 /* CustomViewCell.swift */; };
		1212F3CA1EAD175B006C36E5 /* TravelCalculation.swift in Sources */ = {isa = PBXBuildFile; fileRef = 1212F3C91EAD175B006C36E5 /* TravelCalculation.swift */; };
		1212F3CD1EAD179E006C36E5 /* TravelAPI.swift in Sources */ = {isa = PBXBuildFile; fileRef = 1212F3CC1EAD179E006C36E5 /* TravelAPI.swift */; };
		125F03871E9D235400679997 /* AlarmSound+CoreDataClass.swift in Sources */ = {isa = PBXBuildFile; fileRef = 125F03851E9D235400679997 /* AlarmSound+CoreDataClass.swift */; };
		125F03881E9D235400679997 /* AlarmSound+CoreDataProperties.swift in Sources */ = {isa = PBXBuildFile; fileRef = 125F03861E9D235400679997 /* AlarmSound+CoreDataProperties.swift */; };
		125F038A1E9D23E600679997 /* AlarmSound.swift in Sources */ = {isa = PBXBuildFile; fileRef = 125F03891E9D23E600679997 /* AlarmSound.swift */; };
		125F038C1E9D258100679997 /* AlarmSoundCoreDataHandler.swift in Sources */ = {isa = PBXBuildFile; fileRef = 125F038B1E9D258100679997 /* AlarmSoundCoreDataHandler.swift */; };
		125F038E1E9D26A400679997 /* FileSound.swift in Sources */ = {isa = PBXBuildFile; fileRef = 125F038D1E9D26A400679997 /* FileSound.swift */; };
		125F03911E9D29D100679997 /* SoundTypes.swift in Sources */ = {isa = PBXBuildFile; fileRef = 125F03901E9D29D100679997 /* SoundTypes.swift */; };
		125F03931E9D405400679997 /* SoundManager.swift in Sources */ = {isa = PBXBuildFile; fileRef = 125F03921E9D405400679997 /* SoundManager.swift */; };
		125F03951E9D409100679997 /* SoundPlayer.swift in Sources */ = {isa = PBXBuildFile; fileRef = 125F03941E9D409100679997 /* SoundPlayer.swift */; };
		126D055B1EB200F100655FD8 /* CalendarViewController.swift in Sources */ = {isa = PBXBuildFile; fileRef = 126D055A1EB200F100655FD8 /* CalendarViewController.swift */; };
		1290A6CF1EA913B900B7A6E6 /* WeatherTesting.swift in Sources */ = {isa = PBXBuildFile; fileRef = 1290A6CE1EA913B900B7A6E6 /* WeatherTesting.swift */; };
		12AF0F7F1EAD1315005D6064 /* TravelCoreData.swift in Sources */ = {isa = PBXBuildFile; fileRef = 12AF0F7E1EAD1315005D6064 /* TravelCoreData.swift */; };
		12CC2F301EB906AB00D3FAB5 /* CurrentWeather.swift in Sources */ = {isa = PBXBuildFile; fileRef = 12CC2F2F1EB906AB00D3FAB5 /* CurrentWeather.swift */; };
		12DCFB921E9BEB5F007AA182 /* AlarmCoreDataHandler.swift in Sources */ = {isa = PBXBuildFile; fileRef = 12DCFB911E9BEB5F007AA182 /* AlarmCoreDataHandler.swift */; };
		12DCFB941E9BEB6C007AA182 /* TravelCoreDataHandler.swift in Sources */ = {isa = PBXBuildFile; fileRef = 12DCFB931E9BEB6C007AA182 /* TravelCoreDataHandler.swift */; };
		12DCFBA41E9BF891007AA182 /* Settings.swift in Sources */ = {isa = PBXBuildFile; fileRef = 12DCFBA21E9BF891007AA182 /* Settings.swift */; };
		12DCFBA51E9BF891007AA182 /* Settings+CoreDataProperties.swift in Sources */ = {isa = PBXBuildFile; fileRef = 12DCFBA31E9BF891007AA182 /* Settings+CoreDataProperties.swift */; };
		12DCFBA71E9BF91C007AA182 /* SettingsCoreDataHandler.swift in Sources */ = {isa = PBXBuildFile; fileRef = 12DCFBA61E9BF91C007AA182 /* SettingsCoreDataHandler.swift */; };
		12E70DD51EA0F83C00D855FE /* WeatherAPIHandler.swift in Sources */ = {isa = PBXBuildFile; fileRef = 12E70DD41EA0F83C00D855FE /* WeatherAPIHandler.swift */; };
		12E70DD71EA0F84800D855FE /* Weather.swift in Sources */ = {isa = PBXBuildFile; fileRef = 12E70DD61EA0F84800D855FE /* Weather.swift */; };
		12E70DD91EA0FB6400D855FE /* LocationTools.swift in Sources */ = {isa = PBXBuildFile; fileRef = 12E70DD81EA0FB6400D855FE /* LocationTools.swift */; };
		12E70DDB1EA108CF00D855FE /* MapKit.framework in Frameworks */ = {isa = PBXBuildFile; fileRef = 12E70DDA1EA108CF00D855FE /* MapKit.framework */; };
		12ECFBF41EACEAFF00EFD93A /* AlarmCoreData.swift in Sources */ = {isa = PBXBuildFile; fileRef = 12ECFBF31EACEAFF00EFD93A /* AlarmCoreData.swift */; };
		12ED64561E962F2B0052253B /* bell.mp3 in Resources */ = {isa = PBXBuildFile; fileRef = 12ED64551E962F2B0052253B /* bell.mp3 */; };
		12F713CE1EBB5AF100B05D0A /* Licences.plist in Resources */ = {isa = PBXBuildFile; fileRef = 12F713CD1EBB5AF100B05D0A /* Licences.plist */; };
		12F713E41EBB64D500B05D0A /* Alarm.mp3 in Resources */ = {isa = PBXBuildFile; fileRef = 12F713DD1EBB64D500B05D0A /* Alarm.mp3 */; };
		12F713E51EBB64D500B05D0A /* Meadowlark.mp3 in Resources */ = {isa = PBXBuildFile; fileRef = 12F713DE1EBB64D500B05D0A /* Meadowlark.mp3 */; };
		12F713E61EBB64D500B05D0A /* Foghorn.mp3 in Resources */ = {isa = PBXBuildFile; fileRef = 12F713DF1EBB64D500B05D0A /* Foghorn.mp3 */; };
		12F713E71EBB64D500B05D0A /* Submarine.mp3 in Resources */ = {isa = PBXBuildFile; fileRef = 12F713E01EBB64D500B05D0A /* Submarine.mp3 */; };
		12F713E81EBB64D500B05D0A /* Guitar.mp3 in Resources */ = {isa = PBXBuildFile; fileRef = 12F713E11EBB64D500B05D0A /* Guitar.mp3 */; };
		12F713E91EBB64D500B05D0A /* Church.mp3 in Resources */ = {isa = PBXBuildFile; fileRef = 12F713E21EBB64D500B05D0A /* Church.mp3 */; };
		12F713EA1EBB64D500B05D0A /* Horn.mp3 in Resources */ = {isa = PBXBuildFile; fileRef = 12F713E31EBB64D500B05D0A /* Horn.mp3 */; };
		4B14AE9E1DD339C8000469BF /* CoreDataHandler.swift in Sources */ = {isa = PBXBuildFile; fileRef = 4B14AE9D1DD339C8000469BF /* CoreDataHandler.swift */; };
		4B14AEA91DD34268000469BF /* Alarm.swift in Sources */ = {isa = PBXBuildFile; fileRef = 4B14AEA71DD34268000469BF /* Alarm.swift */; };
		4B14AEAA1DD34268000469BF /* Alarm+CoreDataProperties.swift in Sources */ = {isa = PBXBuildFile; fileRef = 4B14AEA81DD34268000469BF /* Alarm+CoreDataProperties.swift */; };
		4B42BBFE1DC502E100678BF0 /* Mode.swift in Sources */ = {isa = PBXBuildFile; fileRef = 4B42BBFD1DC502E100678BF0 /* Mode.swift */; };
		4B42BC001DC505AC00678BF0 /* TrafficModel.swift in Sources */ = {isa = PBXBuildFile; fileRef = 4B42BBFF1DC505AC00678BF0 /* TrafficModel.swift */; };
		4B42BC021DC5061B00678BF0 /* TransitMode.swift in Sources */ = {isa = PBXBuildFile; fileRef = 4B42BC011DC5061B00678BF0 /* TransitMode.swift */; };
		4B42BC061DC5099000678BF0 /* GoogleDistanceMatrixTravel.swift in Sources */ = {isa = PBXBuildFile; fileRef = 4B42BC051DC5099000678BF0 /* GoogleDistanceMatrixTravel.swift */; };
		4B42BC081DC509C800678BF0 /* MapKitTravel.swift in Sources */ = {isa = PBXBuildFile; fileRef = 4B42BC071DC509C800678BF0 /* MapKitTravel.swift */; };
		4B518E571DBF4D370039D1C3 /* CalendarTools.swift in Sources */ = {isa = PBXBuildFile; fileRef = 4B518E561DBF4D370039D1C3 /* CalendarTools.swift */; };
		4B518E5D1DBFC9070039D1C3 /* Travel.swift in Sources */ = {isa = PBXBuildFile; fileRef = 4B518E5C1DBFC9060039D1C3 /* Travel.swift */; };
		4B5B7A181DBE08F2006E7C39 /* AppDelegate.swift in Sources */ = {isa = PBXBuildFile; fileRef = 4B5B7A171DBE08F2006E7C39 /* AppDelegate.swift */; };
		4B5B7A1D1DBE08F2006E7C39 /* Main.storyboard in Resources */ = {isa = PBXBuildFile; fileRef = 4B5B7A1B1DBE08F2006E7C39 /* Main.storyboard */; };
		4B5B7A201DBE08F2006E7C39 /* AlarmClock.xcdatamodeld in Sources */ = {isa = PBXBuildFile; fileRef = 4B5B7A1E1DBE08F2006E7C39 /* AlarmClock.xcdatamodeld */; };
		4B5B7A221DBE08F2006E7C39 /* Assets.xcassets in Resources */ = {isa = PBXBuildFile; fileRef = 4B5B7A211DBE08F2006E7C39 /* Assets.xcassets */; };
		4B5B7A251DBE08F2006E7C39 /* LaunchScreen.storyboard in Resources */ = {isa = PBXBuildFile; fileRef = 4B5B7A231DBE08F2006E7C39 /* LaunchScreen.storyboard */; };
		4B6486411DC4286900634F84 /* InternalHelper.swift in Sources */ = {isa = PBXBuildFile; fileRef = 4B6486401DC4286900634F84 /* InternalHelper.swift */; };
		4B9A22F21DC4A5B900933E2E /* RestApiManager.swift in Sources */ = {isa = PBXBuildFile; fileRef = 4B9A22F11DC4A5B900933E2E /* RestApiManager.swift */; };
		4B9A22F51DC4A95200933E2E /* GoogleDistanceMatrixObject.swift in Sources */ = {isa = PBXBuildFile; fileRef = 4B9A22F41DC4A95200933E2E /* GoogleDistanceMatrixObject.swift */; };
		4B9DA1901DC3CC10006B80B8 /* Properties.plist in Resources */ = {isa = PBXBuildFile; fileRef = 4B9DA18F1DC3CC10006B80B8 /* Properties.plist */; };
		4BED56E11DDA51CD007EAABB /* TravelC+CoreDataClass.swift in Sources */ = {isa = PBXBuildFile; fileRef = 4BED56DF1DDA51CD007EAABB /* TravelC+CoreDataClass.swift */; };
		4BED56E21DDA51CD007EAABB /* TravelC+CoreDataProperties.swift in Sources */ = {isa = PBXBuildFile; fileRef = 4BED56E01DDA51CD007EAABB /* TravelC+CoreDataProperties.swift */; };
		7FE3C8AAA9B47434408E04E0 /* Pods_AlarmClock.framework in Frameworks */ = {isa = PBXBuildFile; fileRef = D9F5276F803614D4127D5F93 /* Pods_AlarmClock.framework */; };
		B70162BB1EA899780014EDCF /* Clock.swift in Sources */ = {isa = PBXBuildFile; fileRef = B70162BA1EA899780014EDCF /* Clock.swift */; };
		B703A0341EBD1A2F001301DE /* FileSoundCell.swift in Sources */ = {isa = PBXBuildFile; fileRef = B703A0331EBD1A2F001301DE /* FileSoundCell.swift */; };
		B70BCFED1EBCD94900E0551F /* StandardAlarmEditingViewController.swift in Sources */ = {isa = PBXBuildFile; fileRef = B70BCFEC1EBCD94900E0551F /* StandardAlarmEditingViewController.swift */; };
		B70BCFEF1EBCD96A00E0551F /* SmartAlarmEditingViewController.swift in Sources */ = {isa = PBXBuildFile; fileRef = B70BCFEE1EBCD96A00E0551F /* SmartAlarmEditingViewController.swift */; };
		B726C0251DCC95EE00E3BB4A /* BG Creation Detail Screen.png in Resources */ = {isa = PBXBuildFile; fileRef = B726C0231DCC95EE00E3BB4A /* BG Creation Detail Screen.png */; };
		B726C0261DCC95EE00E3BB4A /* BG Start Screen.png in Resources */ = {isa = PBXBuildFile; fileRef = B726C0241DCC95EE00E3BB4A /* BG Start Screen.png */; };
		B726C0281DCC95F400E3BB4A /* Logo Lanuchscreen.png in Resources */ = {isa = PBXBuildFile; fileRef = B726C0271DCC95F400E3BB4A /* Logo Lanuchscreen.png */; };
		B726C02C1DCC95FD00E3BB4A /* Discard Button.png in Resources */ = {isa = PBXBuildFile; fileRef = B726C0291DCC95FD00E3BB4A /* Discard Button.png */; };
		B726C02D1DCC95FD00E3BB4A /* Smart Alarm Button.png in Resources */ = {isa = PBXBuildFile; fileRef = B726C02A1DCC95FD00E3BB4A /* Smart Alarm Button.png */; };
		B726C02E1DCC95FD00E3BB4A /* Standard Alarm Button.png in Resources */ = {isa = PBXBuildFile; fileRef = B726C02B1DCC95FD00E3BB4A /* Standard Alarm Button.png */; };
		B74115631E9E025200929BF1 /* landscapeBackground.jpg in Resources */ = {isa = PBXBuildFile; fileRef = B74115621E9E025200929BF1 /* landscapeBackground.jpg */; };
		B742BA571EB1F4B200CEEAFF /* CreateAlarmViewController.swift in Sources */ = {isa = PBXBuildFile; fileRef = B742BA561EB1F4B200CEEAFF /* CreateAlarmViewController.swift */; };
		B75783421EA69C690018632F /* SWRevealViewController.m in Sources */ = {isa = PBXBuildFile; fileRef = B75783411EA69C690018632F /* SWRevealViewController.m */; };
		B75783451EA6A3A40018632F /* AlarmListViewController.swift in Sources */ = {isa = PBXBuildFile; fileRef = B75783441EA6A3A40018632F /* AlarmListViewController.swift */; };
		B75783471EA6A3BC0018632F /* SettingsViewController.swift in Sources */ = {isa = PBXBuildFile; fileRef = B75783461EA6A3BC0018632F /* SettingsViewController.swift */; };
		B75783491EA6A3D80018632F /* HomeScreenViewController.swift in Sources */ = {isa = PBXBuildFile; fileRef = B75783481EA6A3D80018632F /* HomeScreenViewController.swift */; };
		B757834B1EA6ABAC0018632F /* menuContentViewController.swift in Sources */ = {isa = PBXBuildFile; fileRef = B757834A1EA6ABAC0018632F /* menuContentViewController.swift */; };
		B76B80FD1E9BA91500649C1A /* fontawesome-webfont.ttf in Resources */ = {isa = PBXBuildFile; fileRef = B76B80FC1E9BA90E00649C1A /* fontawesome-webfont.ttf */; };
		B798549A1EBA4B8300A527BF /* SelectAlarmSoundViewController.swift in Sources */ = {isa = PBXBuildFile; fileRef = B79854991EBA4B8300A527BF /* SelectAlarmSoundViewController.swift */; };
		B798549C1EBA4B9B00A527BF /* StandardSourceViewController.swift in Sources */ = {isa = PBXBuildFile; fileRef = B798549B1EBA4B9B00A527BF /* StandardSourceViewController.swift */; };
		B7B7B6E71E9BF6D20085E6BF /* Weather-PNG-Photos.png in Resources */ = {isa = PBXBuildFile; fileRef = B7B7B6E61E9BF6D20085E6BF /* Weather-PNG-Photos.png */; };
		B7B7B6E91E9BF70D0085E6BF /* bike-icon-md.png in Resources */ = {isa = PBXBuildFile; fileRef = B7B7B6E81E9BF70D0085E6BF /* bike-icon-md.png */; };
		B7B7B6EB1E9BFF630085E6BF /* Logo.png in Resources */ = {isa = PBXBuildFile; fileRef = B7B7B6EA1E9BFF630085E6BF /* Logo.png */; };
		B7B7B6ED1E9C07CA0085E6BF /* digital-7.ttf in Resources */ = {isa = PBXBuildFile; fileRef = B7B7B6EC1E9C074D0085E6BF /* digital-7.ttf */; };
		B7C82C0D1EA23E0F003E912A /* (null) in Sources */ = {isa = PBXBuildFile; };
		B7C82C0F1EA23FED003E912A /* Settings-50.png in Resources */ = {isa = PBXBuildFile; fileRef = B7C82C0E1EA23FED003E912A /* Settings-50.png */; };
		B7C82C151EA24433003E912A /* (null) in Sources */ = {isa = PBXBuildFile; };
		B7D639CF1EAE489D00739EEA /* AlarmCell.swift in Sources */ = {isa = PBXBuildFile; fileRef = B7D639CE1EAE489D00739EEA /* AlarmCell.swift */; };
		B7D67D3E1E9B787C00C02B06 /* portaitBackground.jpg in Resources */ = {isa = PBXBuildFile; fileRef = B7D67D3D1E9B787C00C02B06 /* portaitBackground.jpg */; };
		B7F5FC191EB2609900C981CE /* SmartAlarmCell.swift in Sources */ = {isa = PBXBuildFile; fileRef = B7F5FC181EB2609900C981CE /* SmartAlarmCell.swift */; };
/* End PBXBuildFile section */

/* Begin PBXContainerItemProxy section */
		4B5B7A2C1DBE08F2006E7C39 /* PBXContainerItemProxy */ = {
			isa = PBXContainerItemProxy;
			containerPortal = 4B5B7A0C1DBE08F2006E7C39 /* Project object */;
			proxyType = 1;
			remoteGlobalIDString = 4B5B7A131DBE08F2006E7C39;
			remoteInfo = AlarmClock;
		};
		4B5B7A371DBE08F2006E7C39 /* PBXContainerItemProxy */ = {
			isa = PBXContainerItemProxy;
			containerPortal = 4B5B7A0C1DBE08F2006E7C39 /* Project object */;
			proxyType = 1;
			remoteGlobalIDString = 4B5B7A131DBE08F2006E7C39;
			remoteInfo = AlarmClock;
		};
/* End PBXContainerItemProxy section */

/* Begin PBXFileReference section */
		10C0C345824A0B92EF68C43E /* Pods-AlarmClock.debug.xcconfig */ = {isa = PBXFileReference; includeInIndex = 1; lastKnownFileType = text.xcconfig; name = "Pods-AlarmClock.debug.xcconfig"; path = "Pods/Target Support Files/Pods-AlarmClock/Pods-AlarmClock.debug.xcconfig"; sourceTree = "<group>"; };
		120915931EB2774100EF0C85 /* CustomViewCell.swift */ = {isa = PBXFileReference; fileEncoding = 4; lastKnownFileType = sourcecode.swift; path = CustomViewCell.swift; sourceTree = "<group>"; };
		1212F3C91EAD175B006C36E5 /* TravelCalculation.swift */ = {isa = PBXFileReference; fileEncoding = 4; lastKnownFileType = sourcecode.swift; path = TravelCalculation.swift; sourceTree = "<group>"; };
		1212F3CC1EAD179E006C36E5 /* TravelAPI.swift */ = {isa = PBXFileReference; fileEncoding = 4; lastKnownFileType = sourcecode.swift; path = TravelAPI.swift; sourceTree = "<group>"; };
		125F03851E9D235400679997 /* AlarmSound+CoreDataClass.swift */ = {isa = PBXFileReference; fileEncoding = 4; lastKnownFileType = sourcecode.swift; name = "AlarmSound+CoreDataClass.swift"; path = "../AlarmSound+CoreDataClass.swift"; sourceTree = "<group>"; };
		125F03861E9D235400679997 /* AlarmSound+CoreDataProperties.swift */ = {isa = PBXFileReference; fileEncoding = 4; lastKnownFileType = sourcecode.swift; name = "AlarmSound+CoreDataProperties.swift"; path = "../AlarmSound+CoreDataProperties.swift"; sourceTree = "<group>"; };
		125F03891E9D23E600679997 /* AlarmSound.swift */ = {isa = PBXFileReference; fileEncoding = 4; lastKnownFileType = sourcecode.swift; path = AlarmSound.swift; sourceTree = "<group>"; };
		125F038B1E9D258100679997 /* AlarmSoundCoreDataHandler.swift */ = {isa = PBXFileReference; fileEncoding = 4; lastKnownFileType = sourcecode.swift; path = AlarmSoundCoreDataHandler.swift; sourceTree = "<group>"; };
		125F038D1E9D26A400679997 /* FileSound.swift */ = {isa = PBXFileReference; fileEncoding = 4; lastKnownFileType = sourcecode.swift; path = FileSound.swift; sourceTree = "<group>"; };
		125F03901E9D29D100679997 /* SoundTypes.swift */ = {isa = PBXFileReference; fileEncoding = 4; lastKnownFileType = sourcecode.swift; path = SoundTypes.swift; sourceTree = "<group>"; };
		125F03921E9D405400679997 /* SoundManager.swift */ = {isa = PBXFileReference; fileEncoding = 4; lastKnownFileType = sourcecode.swift; path = SoundManager.swift; sourceTree = "<group>"; };
		125F03941E9D409100679997 /* SoundPlayer.swift */ = {isa = PBXFileReference; fileEncoding = 4; lastKnownFileType = sourcecode.swift; path = SoundPlayer.swift; sourceTree = "<group>"; };
		126D055A1EB200F100655FD8 /* CalendarViewController.swift */ = {isa = PBXFileReference; fileEncoding = 4; lastKnownFileType = sourcecode.swift; path = CalendarViewController.swift; sourceTree = "<group>"; };
		1290A6CE1EA913B900B7A6E6 /* WeatherTesting.swift */ = {isa = PBXFileReference; fileEncoding = 4; lastKnownFileType = sourcecode.swift; path = WeatherTesting.swift; sourceTree = "<group>"; };
		12AF0F7E1EAD1315005D6064 /* TravelCoreData.swift */ = {isa = PBXFileReference; fileEncoding = 4; lastKnownFileType = sourcecode.swift; path = TravelCoreData.swift; sourceTree = "<group>"; };
		12CC2F2F1EB906AB00D3FAB5 /* CurrentWeather.swift */ = {isa = PBXFileReference; fileEncoding = 4; lastKnownFileType = sourcecode.swift; path = CurrentWeather.swift; sourceTree = "<group>"; };
		12DCFB911E9BEB5F007AA182 /* AlarmCoreDataHandler.swift */ = {isa = PBXFileReference; fileEncoding = 4; lastKnownFileType = sourcecode.swift; path = AlarmCoreDataHandler.swift; sourceTree = "<group>"; };
		12DCFB931E9BEB6C007AA182 /* TravelCoreDataHandler.swift */ = {isa = PBXFileReference; fileEncoding = 4; lastKnownFileType = sourcecode.swift; path = TravelCoreDataHandler.swift; sourceTree = "<group>"; };
		12DCFBA21E9BF891007AA182 /* Settings.swift */ = {isa = PBXFileReference; fileEncoding = 4; lastKnownFileType = sourcecode.swift; name = Settings.swift; path = ../Settings.swift; sourceTree = "<group>"; };
		12DCFBA31E9BF891007AA182 /* Settings+CoreDataProperties.swift */ = {isa = PBXFileReference; fileEncoding = 4; lastKnownFileType = sourcecode.swift; name = "Settings+CoreDataProperties.swift"; path = "../Settings+CoreDataProperties.swift"; sourceTree = "<group>"; };
		12DCFBA61E9BF91C007AA182 /* SettingsCoreDataHandler.swift */ = {isa = PBXFileReference; fileEncoding = 4; lastKnownFileType = sourcecode.swift; path = SettingsCoreDataHandler.swift; sourceTree = "<group>"; };
		12E70DD41EA0F83C00D855FE /* WeatherAPIHandler.swift */ = {isa = PBXFileReference; fileEncoding = 4; lastKnownFileType = sourcecode.swift; path = WeatherAPIHandler.swift; sourceTree = "<group>"; };
		12E70DD61EA0F84800D855FE /* Weather.swift */ = {isa = PBXFileReference; fileEncoding = 4; lastKnownFileType = sourcecode.swift; path = Weather.swift; sourceTree = "<group>"; };
		12E70DD81EA0FB6400D855FE /* LocationTools.swift */ = {isa = PBXFileReference; fileEncoding = 4; lastKnownFileType = sourcecode.swift; path = LocationTools.swift; sourceTree = "<group>"; };
		12E70DDA1EA108CF00D855FE /* MapKit.framework */ = {isa = PBXFileReference; lastKnownFileType = wrapper.framework; name = MapKit.framework; path = System/Library/Frameworks/MapKit.framework; sourceTree = SDKROOT; };
		12ECFBF31EACEAFF00EFD93A /* AlarmCoreData.swift */ = {isa = PBXFileReference; fileEncoding = 4; lastKnownFileType = sourcecode.swift; path = AlarmCoreData.swift; sourceTree = "<group>"; };
		12ED64551E962F2B0052253B /* bell.mp3 */ = {isa = PBXFileReference; lastKnownFileType = audio.mp3; name = bell.mp3; path = "../Source Files/Sounds/bell.mp3"; sourceTree = "<group>"; };
		12F713CD1EBB5AF100B05D0A /* Licences.plist */ = {isa = PBXFileReference; fileEncoding = 4; lastKnownFileType = text.plist.xml; path = Licences.plist; sourceTree = "<group>"; };
		12F713DD1EBB64D500B05D0A /* Alarm.mp3 */ = {isa = PBXFileReference; lastKnownFileType = audio.mp3; name = Alarm.mp3; path = "Source Files/Sounds/Alarm.mp3"; sourceTree = SOURCE_ROOT; };
		12F713DE1EBB64D500B05D0A /* Meadowlark.mp3 */ = {isa = PBXFileReference; lastKnownFileType = audio.mp3; name = Meadowlark.mp3; path = "Source Files/Sounds/Meadowlark.mp3"; sourceTree = SOURCE_ROOT; };
		12F713DF1EBB64D500B05D0A /* Foghorn.mp3 */ = {isa = PBXFileReference; lastKnownFileType = audio.mp3; name = Foghorn.mp3; path = "Source Files/Sounds/Foghorn.mp3"; sourceTree = SOURCE_ROOT; };
		12F713E01EBB64D500B05D0A /* Submarine.mp3 */ = {isa = PBXFileReference; lastKnownFileType = audio.mp3; name = Submarine.mp3; path = "Source Files/Sounds/Submarine.mp3"; sourceTree = SOURCE_ROOT; };
		12F713E11EBB64D500B05D0A /* Guitar.mp3 */ = {isa = PBXFileReference; lastKnownFileType = audio.mp3; name = Guitar.mp3; path = "Source Files/Sounds/Guitar.mp3"; sourceTree = SOURCE_ROOT; };
		12F713E21EBB64D500B05D0A /* Church.mp3 */ = {isa = PBXFileReference; lastKnownFileType = audio.mp3; name = Church.mp3; path = "Source Files/Sounds/Church.mp3"; sourceTree = SOURCE_ROOT; };
		12F713E31EBB64D500B05D0A /* Horn.mp3 */ = {isa = PBXFileReference; lastKnownFileType = audio.mp3; name = Horn.mp3; path = "Source Files/Sounds/Horn.mp3"; sourceTree = SOURCE_ROOT; };
		27A991DDFF7D5A2D527EF16E /* Pods-AlarmClock.release.xcconfig */ = {isa = PBXFileReference; includeInIndex = 1; lastKnownFileType = text.xcconfig; name = "Pods-AlarmClock.release.xcconfig"; path = "Pods/Target Support Files/Pods-AlarmClock/Pods-AlarmClock.release.xcconfig"; sourceTree = "<group>"; };
		4B14AE9D1DD339C8000469BF /* CoreDataHandler.swift */ = {isa = PBXFileReference; fileEncoding = 4; lastKnownFileType = sourcecode.swift; name = CoreDataHandler.swift; path = ../CoreDataHandler.swift; sourceTree = "<group>"; };
		4B14AEA71DD34268000469BF /* Alarm.swift */ = {isa = PBXFileReference; fileEncoding = 4; lastKnownFileType = sourcecode.swift; path = Alarm.swift; sourceTree = "<group>"; };
		4B14AEA81DD34268000469BF /* Alarm+CoreDataProperties.swift */ = {isa = PBXFileReference; fileEncoding = 4; lastKnownFileType = sourcecode.swift; path = "Alarm+CoreDataProperties.swift"; sourceTree = "<group>"; };
		4B42BBFD1DC502E100678BF0 /* Mode.swift */ = {isa = PBXFileReference; fileEncoding = 4; lastKnownFileType = sourcecode.swift; path = Mode.swift; sourceTree = "<group>"; };
		4B42BBFF1DC505AC00678BF0 /* TrafficModel.swift */ = {isa = PBXFileReference; fileEncoding = 4; lastKnownFileType = sourcecode.swift; path = TrafficModel.swift; sourceTree = "<group>"; };
		4B42BC011DC5061B00678BF0 /* TransitMode.swift */ = {isa = PBXFileReference; fileEncoding = 4; lastKnownFileType = sourcecode.swift; path = TransitMode.swift; sourceTree = "<group>"; };
		4B42BC051DC5099000678BF0 /* GoogleDistanceMatrixTravel.swift */ = {isa = PBXFileReference; fileEncoding = 4; lastKnownFileType = sourcecode.swift; path = GoogleDistanceMatrixTravel.swift; sourceTree = "<group>"; };
		4B42BC071DC509C800678BF0 /* MapKitTravel.swift */ = {isa = PBXFileReference; fileEncoding = 4; lastKnownFileType = sourcecode.swift; path = MapKitTravel.swift; sourceTree = "<group>"; };
		4B518E561DBF4D370039D1C3 /* CalendarTools.swift */ = {isa = PBXFileReference; fileEncoding = 4; lastKnownFileType = sourcecode.swift; path = CalendarTools.swift; sourceTree = "<group>"; };
		4B518E5C1DBFC9060039D1C3 /* Travel.swift */ = {isa = PBXFileReference; fileEncoding = 4; lastKnownFileType = sourcecode.swift; path = Travel.swift; sourceTree = "<group>"; };
		4B5B7A141DBE08F2006E7C39 /* AlarmClock.app */ = {isa = PBXFileReference; explicitFileType = wrapper.application; includeInIndex = 0; path = AlarmClock.app; sourceTree = BUILT_PRODUCTS_DIR; };
		4B5B7A171DBE08F2006E7C39 /* AppDelegate.swift */ = {isa = PBXFileReference; lastKnownFileType = sourcecode.swift; path = AppDelegate.swift; sourceTree = "<group>"; };
		4B5B7A1C1DBE08F2006E7C39 /* Base */ = {isa = PBXFileReference; lastKnownFileType = file.storyboard; name = Base; path = Base.lproj/Main.storyboard; sourceTree = "<group>"; };
		4B5B7A1F1DBE08F2006E7C39 /* AlarmClock.xcdatamodel */ = {isa = PBXFileReference; lastKnownFileType = wrapper.xcdatamodel; path = AlarmClock.xcdatamodel; sourceTree = "<group>"; };
		4B5B7A211DBE08F2006E7C39 /* Assets.xcassets */ = {isa = PBXFileReference; lastKnownFileType = folder.assetcatalog; path = Assets.xcassets; sourceTree = "<group>"; };
		4B5B7A241DBE08F2006E7C39 /* Base */ = {isa = PBXFileReference; lastKnownFileType = file.storyboard; name = Base; path = Base.lproj/LaunchScreen.storyboard; sourceTree = "<group>"; };
		4B5B7A261DBE08F2006E7C39 /* Info.plist */ = {isa = PBXFileReference; lastKnownFileType = text.plist.xml; path = Info.plist; sourceTree = "<group>"; };
		4B5B7A2B1DBE08F2006E7C39 /* AlarmClockTests.xctest */ = {isa = PBXFileReference; explicitFileType = wrapper.cfbundle; includeInIndex = 0; path = AlarmClockTests.xctest; sourceTree = BUILT_PRODUCTS_DIR; };
		4B5B7A311DBE08F2006E7C39 /* Info.plist */ = {isa = PBXFileReference; lastKnownFileType = text.plist.xml; path = Info.plist; sourceTree = "<group>"; };
		4B5B7A361DBE08F2006E7C39 /* AlarmClockUITests.xctest */ = {isa = PBXFileReference; explicitFileType = wrapper.cfbundle; includeInIndex = 0; path = AlarmClockUITests.xctest; sourceTree = BUILT_PRODUCTS_DIR; };
		4B5B7A3C1DBE08F2006E7C39 /* Info.plist */ = {isa = PBXFileReference; lastKnownFileType = text.plist.xml; path = Info.plist; sourceTree = "<group>"; };
		4B6486401DC4286900634F84 /* InternalHelper.swift */ = {isa = PBXFileReference; fileEncoding = 4; lastKnownFileType = sourcecode.swift; path = InternalHelper.swift; sourceTree = "<group>"; };
		4B9A22F11DC4A5B900933E2E /* RestApiManager.swift */ = {isa = PBXFileReference; fileEncoding = 4; lastKnownFileType = sourcecode.swift; path = RestApiManager.swift; sourceTree = "<group>"; };
		4B9A22F41DC4A95200933E2E /* GoogleDistanceMatrixObject.swift */ = {isa = PBXFileReference; fileEncoding = 4; lastKnownFileType = sourcecode.swift; path = GoogleDistanceMatrixObject.swift; sourceTree = "<group>"; };
		4B9DA18F1DC3CC10006B80B8 /* Properties.plist */ = {isa = PBXFileReference; fileEncoding = 4; lastKnownFileType = text.plist.xml; path = Properties.plist; sourceTree = "<group>"; };
		4BED56DF1DDA51CD007EAABB /* TravelC+CoreDataClass.swift */ = {isa = PBXFileReference; fileEncoding = 4; lastKnownFileType = sourcecode.swift; path = "TravelC+CoreDataClass.swift"; sourceTree = "<group>"; };
		4BED56E01DDA51CD007EAABB /* TravelC+CoreDataProperties.swift */ = {isa = PBXFileReference; fileEncoding = 4; lastKnownFileType = sourcecode.swift; path = "TravelC+CoreDataProperties.swift"; sourceTree = "<group>"; };
		B70162BA1EA899780014EDCF /* Clock.swift */ = {isa = PBXFileReference; fileEncoding = 4; lastKnownFileType = sourcecode.swift; path = Clock.swift; sourceTree = "<group>"; };
		B703A0331EBD1A2F001301DE /* FileSoundCell.swift */ = {isa = PBXFileReference; fileEncoding = 4; lastKnownFileType = sourcecode.swift; path = FileSoundCell.swift; sourceTree = "<group>"; };
		B70BCFEC1EBCD94900E0551F /* StandardAlarmEditingViewController.swift */ = {isa = PBXFileReference; fileEncoding = 4; lastKnownFileType = sourcecode.swift; path = StandardAlarmEditingViewController.swift; sourceTree = "<group>"; };
		B70BCFEE1EBCD96A00E0551F /* SmartAlarmEditingViewController.swift */ = {isa = PBXFileReference; fileEncoding = 4; lastKnownFileType = sourcecode.swift; path = SmartAlarmEditingViewController.swift; sourceTree = "<group>"; };
		B726C0231DCC95EE00E3BB4A /* BG Creation Detail Screen.png */ = {isa = PBXFileReference; lastKnownFileType = image.png; name = "BG Creation Detail Screen.png"; path = "Source Files/Backgrounds/BG Creation Detail Screen.png"; sourceTree = SOURCE_ROOT; };
		B726C0241DCC95EE00E3BB4A /* BG Start Screen.png */ = {isa = PBXFileReference; lastKnownFileType = image.png; name = "BG Start Screen.png"; path = "Source Files/Backgrounds/BG Start Screen.png"; sourceTree = SOURCE_ROOT; };
		B726C0271DCC95F400E3BB4A /* Logo Lanuchscreen.png */ = {isa = PBXFileReference; lastKnownFileType = image.png; name = "Logo Lanuchscreen.png"; path = "Source Files/Logo/Logo Lanuchscreen.png"; sourceTree = SOURCE_ROOT; };
		B726C0291DCC95FD00E3BB4A /* Discard Button.png */ = {isa = PBXFileReference; lastKnownFileType = image.png; name = "Discard Button.png"; path = "Source Files/Buttons/Discard Button.png"; sourceTree = SOURCE_ROOT; };
		B726C02A1DCC95FD00E3BB4A /* Smart Alarm Button.png */ = {isa = PBXFileReference; lastKnownFileType = image.png; name = "Smart Alarm Button.png"; path = "Source Files/Buttons/Smart Alarm Button.png"; sourceTree = SOURCE_ROOT; };
		B726C02B1DCC95FD00E3BB4A /* Standard Alarm Button.png */ = {isa = PBXFileReference; lastKnownFileType = image.png; name = "Standard Alarm Button.png"; path = "Source Files/Buttons/Standard Alarm Button.png"; sourceTree = SOURCE_ROOT; };
		B74115621E9E025200929BF1 /* landscapeBackground.jpg */ = {isa = PBXFileReference; lastKnownFileType = image.jpeg; path = landscapeBackground.jpg; sourceTree = "<group>"; };
		B742BA561EB1F4B200CEEAFF /* CreateAlarmViewController.swift */ = {isa = PBXFileReference; fileEncoding = 4; lastKnownFileType = sourcecode.swift; path = CreateAlarmViewController.swift; sourceTree = "<group>"; };
		B757833F1EA69C680018632F /* AlarmClock-Bridging-Header.h */ = {isa = PBXFileReference; lastKnownFileType = sourcecode.c.h; path = "AlarmClock-Bridging-Header.h"; sourceTree = "<group>"; };
		B75783401EA69C690018632F /* SWRevealViewController.h */ = {isa = PBXFileReference; fileEncoding = 4; lastKnownFileType = sourcecode.c.h; path = SWRevealViewController.h; sourceTree = "<group>"; };
		B75783411EA69C690018632F /* SWRevealViewController.m */ = {isa = PBXFileReference; fileEncoding = 4; lastKnownFileType = sourcecode.c.objc; path = SWRevealViewController.m; sourceTree = "<group>"; };
		B75783441EA6A3A40018632F /* AlarmListViewController.swift */ = {isa = PBXFileReference; fileEncoding = 4; lastKnownFileType = sourcecode.swift; path = AlarmListViewController.swift; sourceTree = "<group>"; };
		B75783461EA6A3BC0018632F /* SettingsViewController.swift */ = {isa = PBXFileReference; fileEncoding = 4; lastKnownFileType = sourcecode.swift; path = SettingsViewController.swift; sourceTree = "<group>"; };
		B75783481EA6A3D80018632F /* HomeScreenViewController.swift */ = {isa = PBXFileReference; fileEncoding = 4; lastKnownFileType = sourcecode.swift; path = HomeScreenViewController.swift; sourceTree = "<group>"; };
		B757834A1EA6ABAC0018632F /* menuContentViewController.swift */ = {isa = PBXFileReference; fileEncoding = 4; lastKnownFileType = sourcecode.swift; path = menuContentViewController.swift; sourceTree = "<group>"; };
		B76B80FC1E9BA90E00649C1A /* fontawesome-webfont.ttf */ = {isa = PBXFileReference; lastKnownFileType = file; path = "fontawesome-webfont.ttf"; sourceTree = "<group>"; };
		B79854991EBA4B8300A527BF /* SelectAlarmSoundViewController.swift */ = {isa = PBXFileReference; fileEncoding = 4; lastKnownFileType = sourcecode.swift; path = SelectAlarmSoundViewController.swift; sourceTree = "<group>"; };
		B798549B1EBA4B9B00A527BF /* StandardSourceViewController.swift */ = {isa = PBXFileReference; fileEncoding = 4; lastKnownFileType = sourcecode.swift; path = StandardSourceViewController.swift; sourceTree = "<group>"; };
		B7B7B6E61E9BF6D20085E6BF /* Weather-PNG-Photos.png */ = {isa = PBXFileReference; lastKnownFileType = image.png; path = "Weather-PNG-Photos.png"; sourceTree = "<group>"; };
		B7B7B6E81E9BF70D0085E6BF /* bike-icon-md.png */ = {isa = PBXFileReference; lastKnownFileType = image.png; path = "bike-icon-md.png"; sourceTree = "<group>"; };
		B7B7B6EA1E9BFF630085E6BF /* Logo.png */ = {isa = PBXFileReference; lastKnownFileType = image.png; path = Logo.png; sourceTree = "<group>"; };
		B7B7B6EC1E9C074D0085E6BF /* digital-7.ttf */ = {isa = PBXFileReference; lastKnownFileType = file; path = "digital-7.ttf"; sourceTree = "<group>"; };
		B7C82C0E1EA23FED003E912A /* Settings-50.png */ = {isa = PBXFileReference; lastKnownFileType = image.png; path = "Settings-50.png"; sourceTree = "<group>"; };
		B7D639CE1EAE489D00739EEA /* AlarmCell.swift */ = {isa = PBXFileReference; fileEncoding = 4; lastKnownFileType = sourcecode.swift; path = AlarmCell.swift; sourceTree = "<group>"; };
		B7D67D3D1E9B787C00C02B06 /* portaitBackground.jpg */ = {isa = PBXFileReference; lastKnownFileType = image.jpeg; path = portaitBackground.jpg; sourceTree = "<group>"; };
		B7F5FC181EB2609900C981CE /* SmartAlarmCell.swift */ = {isa = PBXFileReference; fileEncoding = 4; lastKnownFileType = sourcecode.swift; path = SmartAlarmCell.swift; sourceTree = "<group>"; };
		D9F5276F803614D4127D5F93 /* Pods_AlarmClock.framework */ = {isa = PBXFileReference; explicitFileType = wrapper.framework; includeInIndex = 0; path = Pods_AlarmClock.framework; sourceTree = BUILT_PRODUCTS_DIR; };
/* End PBXFileReference section */

/* Begin PBXFrameworksBuildPhase section */
		4B5B7A111DBE08F2006E7C39 /* Frameworks */ = {
			isa = PBXFrameworksBuildPhase;
			buildActionMask = 2147483647;
			files = (
				12E70DDB1EA108CF00D855FE /* MapKit.framework in Frameworks */,
				7FE3C8AAA9B47434408E04E0 /* Pods_AlarmClock.framework in Frameworks */,
			);
			runOnlyForDeploymentPostprocessing = 0;
		};
		4B5B7A281DBE08F2006E7C39 /* Frameworks */ = {
			isa = PBXFrameworksBuildPhase;
			buildActionMask = 2147483647;
			files = (
			);
			runOnlyForDeploymentPostprocessing = 0;
		};
		4B5B7A331DBE08F2006E7C39 /* Frameworks */ = {
			isa = PBXFrameworksBuildPhase;
			buildActionMask = 2147483647;
			files = (
			);
			runOnlyForDeploymentPostprocessing = 0;
		};
/* End PBXFrameworksBuildPhase section */

/* Begin PBXGroup section */
		1212F3CB1EAD1766006C36E5 /* Travel */ = {
			isa = PBXGroup;
			children = (
				12AF0F7E1EAD1315005D6064 /* TravelCoreData.swift */,
				1212F3C91EAD175B006C36E5 /* TravelCalculation.swift */,
				1212F3CC1EAD179E006C36E5 /* TravelAPI.swift */,
			);
			name = Travel;
			sourceTree = "<group>";
		};
		125F038F1E9D26AD00679997 /* FileSound */ = {
			isa = PBXGroup;
			children = (
				125F038D1E9D26A400679997 /* FileSound.swift */,
				125F03921E9D405400679997 /* SoundManager.swift */,
			);
			name = FileSound;
			sourceTree = "<group>";
		};
		126D05591EB200DC00655FD8 /* Calendar */ = {
			isa = PBXGroup;
			children = (
				4B518E561DBF4D370039D1C3 /* CalendarTools.swift */,
				126D055A1EB200F100655FD8 /* CalendarViewController.swift */,
			);
			name = Calendar;
			sourceTree = "<group>";
		};
		12DCFB901E9BEB2D007AA182 /* CoreData */ = {
			isa = PBXGroup;
			children = (
				4B5B7A1E1DBE08F2006E7C39 /* AlarmClock.xcdatamodeld */,
				4B14AE9D1DD339C8000469BF /* CoreDataHandler.swift */,
				12DCFB911E9BEB5F007AA182 /* AlarmCoreDataHandler.swift */,
				12DCFB931E9BEB6C007AA182 /* TravelCoreDataHandler.swift */,
				12DCFBA61E9BF91C007AA182 /* SettingsCoreDataHandler.swift */,
				125F038B1E9D258100679997 /* AlarmSoundCoreDataHandler.swift */,
			);
			name = CoreData;
			sourceTree = "<group>";
		};
		12DCFB991E9BF758007AA182 /* Settings */ = {
			isa = PBXGroup;
			children = (
				12DCFBA21E9BF891007AA182 /* Settings.swift */,
				12DCFBA31E9BF891007AA182 /* Settings+CoreDataProperties.swift */,
			);
			name = Settings;
			sourceTree = "<group>";
		};
		12E70DD31EA0F80A00D855FE /* WeatherApi */ = {
			isa = PBXGroup;
			children = (
				12E70DD41EA0F83C00D855FE /* WeatherAPIHandler.swift */,
				12E70DD61EA0F84800D855FE /* Weather.swift */,
				12CC2F2F1EB906AB00D3FAB5 /* CurrentWeather.swift */,
			);
			name = WeatherApi;
			sourceTree = "<group>";
		};
		12F713CC1EBB5ABB00B05D0A /* SoundFiles */ = {
			isa = PBXGroup;
			children = (
				12F713DD1EBB64D500B05D0A /* Alarm.mp3 */,
				12F713DE1EBB64D500B05D0A /* Meadowlark.mp3 */,
				12F713DF1EBB64D500B05D0A /* Foghorn.mp3 */,
				12F713E01EBB64D500B05D0A /* Submarine.mp3 */,
				12F713E11EBB64D500B05D0A /* Guitar.mp3 */,
				12F713E21EBB64D500B05D0A /* Church.mp3 */,
				12F713E31EBB64D500B05D0A /* Horn.mp3 */,
				12ED64551E962F2B0052253B /* bell.mp3 */,
				12F713CD1EBB5AF100B05D0A /* Licences.plist */,
			);
			name = SoundFiles;
			sourceTree = "<group>";
		};
		2EFA7B418BB99681466C3137 /* Pods */ = {
			isa = PBXGroup;
			children = (
				10C0C345824A0B92EF68C43E /* Pods-AlarmClock.debug.xcconfig */,
				27A991DDFF7D5A2D527EF16E /* Pods-AlarmClock.release.xcconfig */,
			);
			name = Pods;
			sourceTree = "<group>";
		};
		4B14AE991DD3391E000469BF /* Alarm */ = {
			isa = PBXGroup;
			children = (
				4B14AEA71DD34268000469BF /* Alarm.swift */,
				4B14AEA81DD34268000469BF /* Alarm+CoreDataProperties.swift */,
			);
			name = Alarm;
			path = ..;
			sourceTree = "<group>";
		};
		4B5B7A0B1DBE08F2006E7C39 = {
			isa = PBXGroup;
			children = (
				4B5B7A161DBE08F2006E7C39 /* AlarmClock */,
				4B5B7A2E1DBE08F2006E7C39 /* AlarmClockTests */,
				4B5B7A391DBE08F2006E7C39 /* AlarmClockUITests */,
				4B5B7A151DBE08F2006E7C39 /* Products */,
				2EFA7B418BB99681466C3137 /* Pods */,
				84555B74E28B4298BD04F9D5 /* Frameworks */,
			);
			sourceTree = "<group>";
		};
		4B5B7A151DBE08F2006E7C39 /* Products */ = {
			isa = PBXGroup;
			children = (
				4B5B7A141DBE08F2006E7C39 /* AlarmClock.app */,
				4B5B7A2B1DBE08F2006E7C39 /* AlarmClockTests.xctest */,
				4B5B7A361DBE08F2006E7C39 /* AlarmClockUITests.xctest */,
			);
			name = Products;
			sourceTree = "<group>";
		};
		4B5B7A161DBE08F2006E7C39 /* AlarmClock */ = {
			isa = PBXGroup;
			children = (
				126D05591EB200DC00655FD8 /* Calendar */,
				12E70DD31EA0F80A00D855FE /* WeatherApi */,
				B70344791DCB74B300FEF291 /* Sources */,
				4B9A22F31DC4A75A00933E2E /* JSONTools */,
				4B6486431DC429D300634F84 /* AppBasics */,
				4B6486421DC4299B00634F84 /* UI */,
				4B64863D1DC41E7E00634F84 /* TravelCalculation */,
				4B6053A41DD2821E00877B7C /* AlarmSound */,
				12DCFB901E9BEB2D007AA182 /* CoreData */,
				4B14AE991DD3391E000469BF /* Alarm */,
				12DCFB991E9BF758007AA182 /* Settings */,
				4B5B7A211DBE08F2006E7C39 /* Assets.xcassets */,
				12E70DD81EA0FB6400D855FE /* LocationTools.swift */,
			);
			path = AlarmClock;
			sourceTree = "<group>";
		};
		4B5B7A2E1DBE08F2006E7C39 /* AlarmClockTests */ = {
			isa = PBXGroup;
			children = (
				1212F3CB1EAD1766006C36E5 /* Travel */,
				1290A6CE1EA913B900B7A6E6 /* WeatherTesting.swift */,
				4B5B7A311DBE08F2006E7C39 /* Info.plist */,
				12ECFBF31EACEAFF00EFD93A /* AlarmCoreData.swift */,
			);
			path = AlarmClockTests;
			sourceTree = "<group>";
		};
		4B5B7A391DBE08F2006E7C39 /* AlarmClockUITests */ = {
			isa = PBXGroup;
			children = (
				4B5B7A3C1DBE08F2006E7C39 /* Info.plist */,
			);
			path = AlarmClockUITests;
			sourceTree = "<group>";
		};
		4B6053A41DD2821E00877B7C /* AlarmSound */ = {
			isa = PBXGroup;
			children = (
				125F038F1E9D26AD00679997 /* FileSound */,
				125F03941E9D409100679997 /* SoundPlayer.swift */,
				125F03851E9D235400679997 /* AlarmSound+CoreDataClass.swift */,
				125F03861E9D235400679997 /* AlarmSound+CoreDataProperties.swift */,
				125F03891E9D23E600679997 /* AlarmSound.swift */,
				125F03901E9D29D100679997 /* SoundTypes.swift */,
			);
			name = AlarmSound;
			sourceTree = "<group>";
		};
		4B64863D1DC41E7E00634F84 /* TravelCalculation */ = {
			isa = PBXGroup;
			children = (
				4BED56DF1DDA51CD007EAABB /* TravelC+CoreDataClass.swift */,
				4BED56E01DDA51CD007EAABB /* TravelC+CoreDataProperties.swift */,
				4B518E5C1DBFC9060039D1C3 /* Travel.swift */,
				4B42BC011DC5061B00678BF0 /* TransitMode.swift */,
				4B42BBFF1DC505AC00678BF0 /* TrafficModel.swift */,
				4B42BBFD1DC502E100678BF0 /* Mode.swift */,
				4B9A22F71DC4A97700933E2E /* MapKit */,
				4B9A22F61DC4A96F00933E2E /* GoogleDistanceMatrixApi */,
			);
			name = TravelCalculation;
			sourceTree = "<group>";
		};
		4B6486421DC4299B00634F84 /* UI */ = {
			isa = PBXGroup;
			children = (
				B703A0301EBD17C5001301DE /* Framework Files */,
				B703A02F1EBD17B4001301DE /* Custom Controls */,
				B70BCFF01EBCD9C900E0551F /* Basic Flow */,
				B70BCFEB1EBCD92A00E0551F /* AlarmEditing */,
				B79854981EBA4B5A00A527BF /* AlarmCreation */,
				4B5B7A231DBE08F2006E7C39 /* LaunchScreen.storyboard */,
				4B5B7A1B1DBE08F2006E7C39 /* Main.storyboard */,
			);
			name = UI;
			sourceTree = "<group>";
		};
		4B6486431DC429D300634F84 /* AppBasics */ = {
			isa = PBXGroup;
			children = (
				4B9DA18F1DC3CC10006B80B8 /* Properties.plist */,
				4B5B7A171DBE08F2006E7C39 /* AppDelegate.swift */,
				4B5B7A261DBE08F2006E7C39 /* Info.plist */,
				4B6486401DC4286900634F84 /* InternalHelper.swift */,
			);
			name = AppBasics;
			sourceTree = "<group>";
		};
		4B9A22F31DC4A75A00933E2E /* JSONTools */ = {
			isa = PBXGroup;
			children = (
				4B9A22F11DC4A5B900933E2E /* RestApiManager.swift */,
			);
			name = JSONTools;
			sourceTree = "<group>";
		};
		4B9A22F61DC4A96F00933E2E /* GoogleDistanceMatrixApi */ = {
			isa = PBXGroup;
			children = (
				4B9A22F41DC4A95200933E2E /* GoogleDistanceMatrixObject.swift */,
				4B42BC051DC5099000678BF0 /* GoogleDistanceMatrixTravel.swift */,
			);
			name = GoogleDistanceMatrixApi;
			sourceTree = "<group>";
		};
		4B9A22F71DC4A97700933E2E /* MapKit */ = {
			isa = PBXGroup;
			children = (
				4B42BC071DC509C800678BF0 /* MapKitTravel.swift */,
			);
			name = MapKit;
			sourceTree = "<group>";
		};
		84555B74E28B4298BD04F9D5 /* Frameworks */ = {
			isa = PBXGroup;
			children = (
				12E70DDA1EA108CF00D855FE /* MapKit.framework */,
				D9F5276F803614D4127D5F93 /* Pods_AlarmClock.framework */,
			);
			name = Frameworks;
			sourceTree = "<group>";
		};
		B70344791DCB74B300FEF291 /* Sources */ = {
			isa = PBXGroup;
			children = (
				12F713CC1EBB5ABB00B05D0A /* SoundFiles */,
				B703447A1DCB74BC00FEF291 /* Design Files */,
			);
			name = Sources;
			sourceTree = "<group>";
		};
		B703447A1DCB74BC00FEF291 /* Design Files */ = {
			isa = PBXGroup;
			children = (
				B7C82C0E1EA23FED003E912A /* Settings-50.png */,
				B7B7B6EA1E9BFF630085E6BF /* Logo.png */,
				B7B7B6E61E9BF6D20085E6BF /* Weather-PNG-Photos.png */,
				B7B7B6E81E9BF70D0085E6BF /* bike-icon-md.png */,
				B7B7B6EC1E9C074D0085E6BF /* digital-7.ttf */,
				B76B80FC1E9BA90E00649C1A /* fontawesome-webfont.ttf */,
				B7D67D3D1E9B787C00C02B06 /* portaitBackground.jpg */,
				B74115621E9E025200929BF1 /* landscapeBackground.jpg */,
				B726C0231DCC95EE00E3BB4A /* BG Creation Detail Screen.png */,
				B726C0241DCC95EE00E3BB4A /* BG Start Screen.png */,
				B726C0271DCC95F400E3BB4A /* Logo Lanuchscreen.png */,
				B726C0291DCC95FD00E3BB4A /* Discard Button.png */,
				B726C02A1DCC95FD00E3BB4A /* Smart Alarm Button.png */,
				B726C02B1DCC95FD00E3BB4A /* Standard Alarm Button.png */,
			);
			name = "Design Files";
			sourceTree = "<group>";
		};
		B703A02F1EBD17B4001301DE /* Custom Controls */ = {
			isa = PBXGroup;
			children = (
				B70162BA1EA899780014EDCF /* Clock.swift */,
				B7D639CE1EAE489D00739EEA /* AlarmCell.swift */,
				B7F5FC181EB2609900C981CE /* SmartAlarmCell.swift */,
				120915931EB2774100EF0C85 /* CustomViewCell.swift */,
				B703A0331EBD1A2F001301DE /* FileSoundCell.swift */,
			);
			name = "Custom Controls";
			sourceTree = "<group>";
		};
		B703A0301EBD17C5001301DE /* Framework Files */ = {
			isa = PBXGroup;
			children = (
				B75783401EA69C690018632F /* SWRevealViewController.h */,
				B75783411EA69C690018632F /* SWRevealViewController.m */,
				B757833F1EA69C680018632F /* AlarmClock-Bridging-Header.h */,
			);
			name = "Framework Files";
			sourceTree = "<group>";
		};
		B703A0321EBD17F1001301DE /* Sound Source */ = {
			isa = PBXGroup;
			children = (
				B79854991EBA4B8300A527BF /* SelectAlarmSoundViewController.swift */,
				B798549B1EBA4B9B00A527BF /* StandardSourceViewController.swift */,
			);
			name = "Sound Source";
			sourceTree = "<group>";
		};
		B70BCFEB1EBCD92A00E0551F /* AlarmEditing */ = {
			isa = PBXGroup;
			children = (
				B70BCFEC1EBCD94900E0551F /* StandardAlarmEditingViewController.swift */,
				B70BCFEE1EBCD96A00E0551F /* SmartAlarmEditingViewController.swift */,
			);
			name = AlarmEditing;
			sourceTree = "<group>";
		};
		B70BCFF01EBCD9C900E0551F /* Basic Flow */ = {
			isa = PBXGroup;
			children = (
				B757834A1EA6ABAC0018632F /* menuContentViewController.swift */,
				B75783441EA6A3A40018632F /* AlarmListViewController.swift */,
				B75783461EA6A3BC0018632F /* SettingsViewController.swift */,
				B75783481EA6A3D80018632F /* HomeScreenViewController.swift */,
			);
			name = "Basic Flow";
			sourceTree = "<group>";
		};
		B79854981EBA4B5A00A527BF /* AlarmCreation */ = {
			isa = PBXGroup;
			children = (
				B703A0321EBD17F1001301DE /* Sound Source */,
				B742BA561EB1F4B200CEEAFF /* CreateAlarmViewController.swift */,
			);
			name = AlarmCreation;
			sourceTree = "<group>";
		};
/* End PBXGroup section */

/* Begin PBXNativeTarget section */
		4B5B7A131DBE08F2006E7C39 /* AlarmClock */ = {
			isa = PBXNativeTarget;
			buildConfigurationList = 4B5B7A3F1DBE08F2006E7C39 /* Build configuration list for PBXNativeTarget "AlarmClock" */;
			buildPhases = (
				5945D153A0D24954FEDF42F3 /* [CP] Check Pods Manifest.lock */,
				4B5B7A101DBE08F2006E7C39 /* Sources */,
				4B5B7A111DBE08F2006E7C39 /* Frameworks */,
				4B5B7A121DBE08F2006E7C39 /* Resources */,
				69B827080A88F3076D7D6C2B /* [CP] Embed Pods Frameworks */,
				B8D797BFE387E0C47089F8A9 /* [CP] Copy Pods Resources */,
			);
			buildRules = (
			);
			dependencies = (
			);
			name = AlarmClock;
			productName = AlarmClock;
			productReference = 4B5B7A141DBE08F2006E7C39 /* AlarmClock.app */;
			productType = "com.apple.product-type.application";
		};
		4B5B7A2A1DBE08F2006E7C39 /* AlarmClockTests */ = {
			isa = PBXNativeTarget;
			buildConfigurationList = 4B5B7A421DBE08F2006E7C39 /* Build configuration list for PBXNativeTarget "AlarmClockTests" */;
			buildPhases = (
				4B5B7A271DBE08F2006E7C39 /* Sources */,
				4B5B7A281DBE08F2006E7C39 /* Frameworks */,
				4B5B7A291DBE08F2006E7C39 /* Resources */,
			);
			buildRules = (
			);
			dependencies = (
				4B5B7A2D1DBE08F2006E7C39 /* PBXTargetDependency */,
			);
			name = AlarmClockTests;
			productName = AlarmClockTests;
			productReference = 4B5B7A2B1DBE08F2006E7C39 /* AlarmClockTests.xctest */;
			productType = "com.apple.product-type.bundle.unit-test";
		};
		4B5B7A351DBE08F2006E7C39 /* AlarmClockUITests */ = {
			isa = PBXNativeTarget;
			buildConfigurationList = 4B5B7A451DBE08F2006E7C39 /* Build configuration list for PBXNativeTarget "AlarmClockUITests" */;
			buildPhases = (
				4B5B7A321DBE08F2006E7C39 /* Sources */,
				4B5B7A331DBE08F2006E7C39 /* Frameworks */,
				4B5B7A341DBE08F2006E7C39 /* Resources */,
			);
			buildRules = (
			);
			dependencies = (
				4B5B7A381DBE08F2006E7C39 /* PBXTargetDependency */,
			);
			name = AlarmClockUITests;
			productName = AlarmClockUITests;
			productReference = 4B5B7A361DBE08F2006E7C39 /* AlarmClockUITests.xctest */;
			productType = "com.apple.product-type.bundle.ui-testing";
		};
/* End PBXNativeTarget section */

/* Begin PBXProject section */
		4B5B7A0C1DBE08F2006E7C39 /* Project object */ = {
			isa = PBXProject;
			attributes = {
				LastSwiftUpdateCheck = 0800;
				LastUpgradeCheck = 0820;
				ORGANIZATIONNAME = ReneUser;
				TargetAttributes = {
					4B5B7A131DBE08F2006E7C39 = {
						CreatedOnToolsVersion = 8.0;
						DevelopmentTeam = 6LA3T76LQ3;
						LastSwiftMigration = 0820;
						ProvisioningStyle = Automatic;
						SystemCapabilities = {
							com.apple.BackgroundModes = {
								enabled = 1;
							};
							com.apple.Maps.iOS = {
								enabled = 0;
							};
						};
					};
					4B5B7A2A1DBE08F2006E7C39 = {
						CreatedOnToolsVersion = 8.0;
						ProvisioningStyle = Automatic;
						TestTargetID = 4B5B7A131DBE08F2006E7C39;
					};
					4B5B7A351DBE08F2006E7C39 = {
						CreatedOnToolsVersion = 8.0;
						ProvisioningStyle = Automatic;
						TestTargetID = 4B5B7A131DBE08F2006E7C39;
					};
				};
			};
			buildConfigurationList = 4B5B7A0F1DBE08F2006E7C39 /* Build configuration list for PBXProject "AlarmClock" */;
			compatibilityVersion = "Xcode 3.2";
			developmentRegion = English;
			hasScannedForEncodings = 0;
			knownRegions = (
				en,
				Base,
			);
			mainGroup = 4B5B7A0B1DBE08F2006E7C39;
			productRefGroup = 4B5B7A151DBE08F2006E7C39 /* Products */;
			projectDirPath = "";
			projectRoot = "";
			targets = (
				4B5B7A131DBE08F2006E7C39 /* AlarmClock */,
				4B5B7A2A1DBE08F2006E7C39 /* AlarmClockTests */,
				4B5B7A351DBE08F2006E7C39 /* AlarmClockUITests */,
			);
		};
/* End PBXProject section */

/* Begin PBXResourcesBuildPhase section */
		4B5B7A121DBE08F2006E7C39 /* Resources */ = {
			isa = PBXResourcesBuildPhase;
			buildActionMask = 2147483647;
			files = (
				12F713E61EBB64D500B05D0A /* Foghorn.mp3 in Resources */,
				B7B7B6ED1E9C07CA0085E6BF /* digital-7.ttf in Resources */,
				B76B80FD1E9BA91500649C1A /* fontawesome-webfont.ttf in Resources */,
				B7D67D3E1E9B787C00C02B06 /* portaitBackground.jpg in Resources */,
				B74115631E9E025200929BF1 /* landscapeBackground.jpg in Resources */,
				B726C02E1DCC95FD00E3BB4A /* Standard Alarm Button.png in Resources */,
				B726C0251DCC95EE00E3BB4A /* BG Creation Detail Screen.png in Resources */,
				B726C02D1DCC95FD00E3BB4A /* Smart Alarm Button.png in Resources */,
				B726C0281DCC95F400E3BB4A /* Logo Lanuchscreen.png in Resources */,
				12F713E81EBB64D500B05D0A /* Guitar.mp3 in Resources */,
				12F713E71EBB64D500B05D0A /* Submarine.mp3 in Resources */,
				4B5B7A251DBE08F2006E7C39 /* LaunchScreen.storyboard in Resources */,
				B7B7B6E71E9BF6D20085E6BF /* Weather-PNG-Photos.png in Resources */,
				12F713E91EBB64D500B05D0A /* Church.mp3 in Resources */,
				B7C82C0F1EA23FED003E912A /* Settings-50.png in Resources */,
				B7B7B6E91E9BF70D0085E6BF /* bike-icon-md.png in Resources */,
				12ED64561E962F2B0052253B /* bell.mp3 in Resources */,
				B726C02C1DCC95FD00E3BB4A /* Discard Button.png in Resources */,
				12F713EA1EBB64D500B05D0A /* Horn.mp3 in Resources */,
				4B5B7A221DBE08F2006E7C39 /* Assets.xcassets in Resources */,
				12F713E41EBB64D500B05D0A /* Alarm.mp3 in Resources */,
				B7B7B6EB1E9BFF630085E6BF /* Logo.png in Resources */,
				B726C0261DCC95EE00E3BB4A /* BG Start Screen.png in Resources */,
				4B5B7A1D1DBE08F2006E7C39 /* Main.storyboard in Resources */,
				12F713E51EBB64D500B05D0A /* Meadowlark.mp3 in Resources */,
				12F713CE1EBB5AF100B05D0A /* Licences.plist in Resources */,
				4B9DA1901DC3CC10006B80B8 /* Properties.plist in Resources */,
			);
			runOnlyForDeploymentPostprocessing = 0;
		};
		4B5B7A291DBE08F2006E7C39 /* Resources */ = {
			isa = PBXResourcesBuildPhase;
			buildActionMask = 2147483647;
			files = (
			);
			runOnlyForDeploymentPostprocessing = 0;
		};
		4B5B7A341DBE08F2006E7C39 /* Resources */ = {
			isa = PBXResourcesBuildPhase;
			buildActionMask = 2147483647;
			files = (
			);
			runOnlyForDeploymentPostprocessing = 0;
		};
/* End PBXResourcesBuildPhase section */

/* Begin PBXShellScriptBuildPhase section */
		5945D153A0D24954FEDF42F3 /* [CP] Check Pods Manifest.lock */ = {
			isa = PBXShellScriptBuildPhase;
			buildActionMask = 2147483647;
			files = (
			);
			inputPaths = (
			);
			name = "[CP] Check Pods Manifest.lock";
			outputPaths = (
			);
			runOnlyForDeploymentPostprocessing = 0;
			shellPath = /bin/sh;
			shellScript = "diff \"${PODS_ROOT}/../Podfile.lock\" \"${PODS_ROOT}/Manifest.lock\" > /dev/null\nif [ $? != 0 ] ; then\n    # print error to STDERR\n    echo \"error: The sandbox is not in sync with the Podfile.lock. Run 'pod install' or update your CocoaPods installation.\" >&2\n    exit 1\nfi\n";
			showEnvVarsInLog = 0;
		};
		69B827080A88F3076D7D6C2B /* [CP] Embed Pods Frameworks */ = {
			isa = PBXShellScriptBuildPhase;
			buildActionMask = 2147483647;
			files = (
			);
			inputPaths = (
			);
			name = "[CP] Embed Pods Frameworks";
			outputPaths = (
			);
			runOnlyForDeploymentPostprocessing = 0;
			shellPath = /bin/sh;
			shellScript = "\"${SRCROOT}/Pods/Target Support Files/Pods-AlarmClock/Pods-AlarmClock-frameworks.sh\"\n";
			showEnvVarsInLog = 0;
		};
		B8D797BFE387E0C47089F8A9 /* [CP] Copy Pods Resources */ = {
			isa = PBXShellScriptBuildPhase;
			buildActionMask = 2147483647;
			files = (
			);
			inputPaths = (
			);
			name = "[CP] Copy Pods Resources";
			outputPaths = (
			);
			runOnlyForDeploymentPostprocessing = 0;
			shellPath = /bin/sh;
			shellScript = "\"${SRCROOT}/Pods/Target Support Files/Pods-AlarmClock/Pods-AlarmClock-resources.sh\"\n";
			showEnvVarsInLog = 0;
		};
/* End PBXShellScriptBuildPhase section */

/* Begin PBXSourcesBuildPhase section */
		4B5B7A101DBE08F2006E7C39 /* Sources */ = {
			isa = PBXSourcesBuildPhase;
			buildActionMask = 2147483647;
			files = (
				B798549C1EBA4B9B00A527BF /* StandardSourceViewController.swift in Sources */,
				B70BCFED1EBCD94900E0551F /* StandardAlarmEditingViewController.swift in Sources */,
				126D055B1EB200F100655FD8 /* CalendarViewController.swift in Sources */,
				12CC2F301EB906AB00D3FAB5 /* CurrentWeather.swift in Sources */,
				12DCFBA71E9BF91C007AA182 /* SettingsCoreDataHandler.swift in Sources */,
				12DCFB941E9BEB6C007AA182 /* TravelCoreDataHandler.swift in Sources */,
				4BED56E11DDA51CD007EAABB /* TravelC+CoreDataClass.swift in Sources */,
				125F038E1E9D26A400679997 /* FileSound.swift in Sources */,
				B7D639CF1EAE489D00739EEA /* AlarmCell.swift in Sources */,
				125F03911E9D29D100679997 /* SoundTypes.swift in Sources */,
				B7C82C0D1EA23E0F003E912A /* (null) in Sources */,
				B7C82C151EA24433003E912A /* (null) in Sources */,
				125F03931E9D405400679997 /* SoundManager.swift in Sources */,
				4B518E571DBF4D370039D1C3 /* CalendarTools.swift in Sources */,
				12E70DD51EA0F83C00D855FE /* WeatherAPIHandler.swift in Sources */,
				12DCFBA41E9BF891007AA182 /* Settings.swift in Sources */,
				125F038A1E9D23E600679997 /* AlarmSound.swift in Sources */,
				B75783491EA6A3D80018632F /* HomeScreenViewController.swift in Sources */,
				4B5B7A201DBE08F2006E7C39 /* AlarmClock.xcdatamodeld in Sources */,
				12E70DD71EA0F84800D855FE /* Weather.swift in Sources */,
				4B518E5D1DBFC9070039D1C3 /* Travel.swift in Sources */,
				12E70DD91EA0FB6400D855FE /* LocationTools.swift in Sources */,
				B7F5FC191EB2609900C981CE /* SmartAlarmCell.swift in Sources */,
				B703A0341EBD1A2F001301DE /* FileSoundCell.swift in Sources */,
				4B42BC021DC5061B00678BF0 /* TransitMode.swift in Sources */,
				12DCFBA51E9BF891007AA182 /* Settings+CoreDataProperties.swift in Sources */,
				12DCFB921E9BEB5F007AA182 /* AlarmCoreDataHandler.swift in Sources */,
				4B5B7A181DBE08F2006E7C39 /* AppDelegate.swift in Sources */,
				B75783471EA6A3BC0018632F /* SettingsViewController.swift in Sources */,
				125F03871E9D235400679997 /* AlarmSound+CoreDataClass.swift in Sources */,
				4B42BC081DC509C800678BF0 /* MapKitTravel.swift in Sources */,
				B75783451EA6A3A40018632F /* AlarmListViewController.swift in Sources */,
				4B6486411DC4286900634F84 /* InternalHelper.swift in Sources */,
				B75783421EA69C690018632F /* SWRevealViewController.m in Sources */,
				4B42BBFE1DC502E100678BF0 /* Mode.swift in Sources */,
				4B14AE9E1DD339C8000469BF /* CoreDataHandler.swift in Sources */,
				4B14AEAA1DD34268000469BF /* Alarm+CoreDataProperties.swift in Sources */,
				125F03881E9D235400679997 /* AlarmSound+CoreDataProperties.swift in Sources */,
				4BED56E21DDA51CD007EAABB /* TravelC+CoreDataProperties.swift in Sources */,
				4B9A22F21DC4A5B900933E2E /* RestApiManager.swift in Sources */,
				120915941EB2774100EF0C85 /* CustomViewCell.swift in Sources */,
				4B42BC001DC505AC00678BF0 /* TrafficModel.swift in Sources */,
				125F03951E9D409100679997 /* SoundPlayer.swift in Sources */,
				B70162BB1EA899780014EDCF /* Clock.swift in Sources */,
				125F038C1E9D258100679997 /* AlarmSoundCoreDataHandler.swift in Sources */,
				B742BA571EB1F4B200CEEAFF /* CreateAlarmViewController.swift in Sources */,
				4B14AEA91DD34268000469BF /* Alarm.swift in Sources */,
				B798549A1EBA4B8300A527BF /* SelectAlarmSoundViewController.swift in Sources */,
				B70BCFEF1EBCD96A00E0551F /* SmartAlarmEditingViewController.swift in Sources */,
				B757834B1EA6ABAC0018632F /* menuContentViewController.swift in Sources */,
				4B42BC061DC5099000678BF0 /* GoogleDistanceMatrixTravel.swift in Sources */,
				4B9A22F51DC4A95200933E2E /* GoogleDistanceMatrixObject.swift in Sources */,
			);
			runOnlyForDeploymentPostprocessing = 0;
		};
		4B5B7A271DBE08F2006E7C39 /* Sources */ = {
			isa = PBXSourcesBuildPhase;
			buildActionMask = 2147483647;
			files = (
				12ECFBF41EACEAFF00EFD93A /* AlarmCoreData.swift in Sources */,
				1212F3CD1EAD179E006C36E5 /* TravelAPI.swift in Sources */,
				1290A6CF1EA913B900B7A6E6 /* WeatherTesting.swift in Sources */,
				12AF0F7F1EAD1315005D6064 /* TravelCoreData.swift in Sources */,
				1212F3CA1EAD175B006C36E5 /* TravelCalculation.swift in Sources */,
			);
			runOnlyForDeploymentPostprocessing = 0;
		};
		4B5B7A321DBE08F2006E7C39 /* Sources */ = {
			isa = PBXSourcesBuildPhase;
			buildActionMask = 2147483647;
			files = (
			);
			runOnlyForDeploymentPostprocessing = 0;
		};
/* End PBXSourcesBuildPhase section */

/* Begin PBXTargetDependency section */
		4B5B7A2D1DBE08F2006E7C39 /* PBXTargetDependency */ = {
			isa = PBXTargetDependency;
			target = 4B5B7A131DBE08F2006E7C39 /* AlarmClock */;
			targetProxy = 4B5B7A2C1DBE08F2006E7C39 /* PBXContainerItemProxy */;
		};
		4B5B7A381DBE08F2006E7C39 /* PBXTargetDependency */ = {
			isa = PBXTargetDependency;
			target = 4B5B7A131DBE08F2006E7C39 /* AlarmClock */;
			targetProxy = 4B5B7A371DBE08F2006E7C39 /* PBXContainerItemProxy */;
		};
/* End PBXTargetDependency section */

/* Begin PBXVariantGroup section */
		4B5B7A1B1DBE08F2006E7C39 /* Main.storyboard */ = {
			isa = PBXVariantGroup;
			children = (
				4B5B7A1C1DBE08F2006E7C39 /* Base */,
			);
			name = Main.storyboard;
			sourceTree = "<group>";
		};
		4B5B7A231DBE08F2006E7C39 /* LaunchScreen.storyboard */ = {
			isa = PBXVariantGroup;
			children = (
				4B5B7A241DBE08F2006E7C39 /* Base */,
			);
			name = LaunchScreen.storyboard;
			sourceTree = "<group>";
		};
/* End PBXVariantGroup section */

/* Begin XCBuildConfiguration section */
		4B5B7A3D1DBE08F2006E7C39 /* Debug */ = {
			isa = XCBuildConfiguration;
			buildSettings = {
				ALWAYS_SEARCH_USER_PATHS = NO;
				CLANG_ANALYZER_NONNULL = YES;
				CLANG_CXX_LANGUAGE_STANDARD = "gnu++0x";
				CLANG_CXX_LIBRARY = "libc++";
				CLANG_ENABLE_MODULES = YES;
				CLANG_ENABLE_OBJC_ARC = YES;
				CLANG_WARN_BOOL_CONVERSION = YES;
				CLANG_WARN_CONSTANT_CONVERSION = YES;
				CLANG_WARN_DIRECT_OBJC_ISA_USAGE = YES_ERROR;
				CLANG_WARN_DOCUMENTATION_COMMENTS = YES;
				CLANG_WARN_EMPTY_BODY = YES;
				CLANG_WARN_ENUM_CONVERSION = YES;
				CLANG_WARN_INFINITE_RECURSION = YES;
				CLANG_WARN_INT_CONVERSION = YES;
				CLANG_WARN_OBJC_ROOT_CLASS = YES_ERROR;
				CLANG_WARN_SUSPICIOUS_MOVE = YES;
				CLANG_WARN_SUSPICIOUS_MOVES = YES;
				CLANG_WARN_UNREACHABLE_CODE = YES;
				CLANG_WARN__DUPLICATE_METHOD_MATCH = YES;
				"CODE_SIGN_IDENTITY[sdk=iphoneos*]" = "iPhone Developer";
				COPY_PHASE_STRIP = NO;
				DEBUG_INFORMATION_FORMAT = dwarf;
				ENABLE_STRICT_OBJC_MSGSEND = YES;
				ENABLE_TESTABILITY = YES;
				GCC_C_LANGUAGE_STANDARD = gnu99;
				GCC_DYNAMIC_NO_PIC = NO;
				GCC_NO_COMMON_BLOCKS = YES;
				GCC_OPTIMIZATION_LEVEL = 0;
				GCC_PREPROCESSOR_DEFINITIONS = (
					"DEBUG=1",
					"$(inherited)",
				);
				GCC_WARN_64_TO_32_BIT_CONVERSION = YES;
				GCC_WARN_ABOUT_RETURN_TYPE = YES_ERROR;
				GCC_WARN_UNDECLARED_SELECTOR = YES;
				GCC_WARN_UNINITIALIZED_AUTOS = YES_AGGRESSIVE;
				GCC_WARN_UNUSED_FUNCTION = YES;
				GCC_WARN_UNUSED_VARIABLE = YES;
				IPHONEOS_DEPLOYMENT_TARGET = 10.0;
				MTL_ENABLE_DEBUG_INFO = YES;
				ONLY_ACTIVE_ARCH = YES;
				SDKROOT = iphoneos;
				SWIFT_ACTIVE_COMPILATION_CONDITIONS = DEBUG;
				SWIFT_OPTIMIZATION_LEVEL = "-Onone";
				TARGETED_DEVICE_FAMILY = "1,2";
			};
			name = Debug;
		};
		4B5B7A3E1DBE08F2006E7C39 /* Release */ = {
			isa = XCBuildConfiguration;
			buildSettings = {
				ALWAYS_SEARCH_USER_PATHS = NO;
				CLANG_ANALYZER_NONNULL = YES;
				CLANG_CXX_LANGUAGE_STANDARD = "gnu++0x";
				CLANG_CXX_LIBRARY = "libc++";
				CLANG_ENABLE_MODULES = YES;
				CLANG_ENABLE_OBJC_ARC = YES;
				CLANG_WARN_BOOL_CONVERSION = YES;
				CLANG_WARN_CONSTANT_CONVERSION = YES;
				CLANG_WARN_DIRECT_OBJC_ISA_USAGE = YES_ERROR;
				CLANG_WARN_DOCUMENTATION_COMMENTS = YES;
				CLANG_WARN_EMPTY_BODY = YES;
				CLANG_WARN_ENUM_CONVERSION = YES;
				CLANG_WARN_INFINITE_RECURSION = YES;
				CLANG_WARN_INT_CONVERSION = YES;
				CLANG_WARN_OBJC_ROOT_CLASS = YES_ERROR;
				CLANG_WARN_SUSPICIOUS_MOVE = YES;
				CLANG_WARN_SUSPICIOUS_MOVES = YES;
				CLANG_WARN_UNREACHABLE_CODE = YES;
				CLANG_WARN__DUPLICATE_METHOD_MATCH = YES;
				"CODE_SIGN_IDENTITY[sdk=iphoneos*]" = "iPhone Developer";
				COPY_PHASE_STRIP = NO;
				DEBUG_INFORMATION_FORMAT = "dwarf-with-dsym";
				ENABLE_NS_ASSERTIONS = NO;
				ENABLE_STRICT_OBJC_MSGSEND = YES;
				GCC_C_LANGUAGE_STANDARD = gnu99;
				GCC_NO_COMMON_BLOCKS = YES;
				GCC_WARN_64_TO_32_BIT_CONVERSION = YES;
				GCC_WARN_ABOUT_RETURN_TYPE = YES_ERROR;
				GCC_WARN_UNDECLARED_SELECTOR = YES;
				GCC_WARN_UNINITIALIZED_AUTOS = YES_AGGRESSIVE;
				GCC_WARN_UNUSED_FUNCTION = YES;
				GCC_WARN_UNUSED_VARIABLE = YES;
				IPHONEOS_DEPLOYMENT_TARGET = 10.0;
				MTL_ENABLE_DEBUG_INFO = NO;
				SDKROOT = iphoneos;
				SWIFT_OPTIMIZATION_LEVEL = "-Owholemodule";
				TARGETED_DEVICE_FAMILY = "1,2";
				VALIDATE_PRODUCT = YES;
			};
			name = Release;
		};
		4B5B7A401DBE08F2006E7C39 /* Debug */ = {
			isa = XCBuildConfiguration;
			baseConfigurationReference = 10C0C345824A0B92EF68C43E /* Pods-AlarmClock.debug.xcconfig */;
			buildSettings = {
				ALWAYS_EMBED_SWIFT_STANDARD_LIBRARIES = YES;
				ASSETCATALOG_COMPILER_APPICON_NAME = AppIcon;
				CLANG_ENABLE_MODULES = YES;
				"CODE_SIGN_IDENTITY[sdk=iphoneos*]" = "iPhone Developer";
				DEVELOPMENT_TEAM = 6LA3T76LQ3;
				INFOPLIST_FILE = AlarmClock/Info.plist;
				LD_RUNPATH_SEARCH_PATHS = "$(inherited) @executable_path/Frameworks";
				PRODUCT_BUNDLE_IDENTIFIER = Alarmclock.penbo.de;
				PRODUCT_NAME = "$(TARGET_NAME)";
				PROVISIONING_PROFILE_SPECIFIER = "";
				SWIFT_OBJC_BRIDGING_HEADER = "AlarmClock/AlarmClock-Bridging-Header.h";
				SWIFT_OPTIMIZATION_LEVEL = "-Onone";
				SWIFT_VERSION = 3.0;
			};
			name = Debug;
		};
		4B5B7A411DBE08F2006E7C39 /* Release */ = {
			isa = XCBuildConfiguration;
			baseConfigurationReference = 27A991DDFF7D5A2D527EF16E /* Pods-AlarmClock.release.xcconfig */;
			buildSettings = {
				ALWAYS_EMBED_SWIFT_STANDARD_LIBRARIES = YES;
				ASSETCATALOG_COMPILER_APPICON_NAME = AppIcon;
				CLANG_ENABLE_MODULES = YES;
				"CODE_SIGN_IDENTITY[sdk=iphoneos*]" = "iPhone Developer";
				DEVELOPMENT_TEAM = 6LA3T76LQ3;
				INFOPLIST_FILE = AlarmClock/Info.plist;
				LD_RUNPATH_SEARCH_PATHS = "$(inherited) @executable_path/Frameworks";
				PRODUCT_BUNDLE_IDENTIFIER = Alarmclock.penbo.de;
				PRODUCT_NAME = "$(TARGET_NAME)";
				PROVISIONING_PROFILE_SPECIFIER = "";
				SWIFT_OBJC_BRIDGING_HEADER = "AlarmClock/AlarmClock-Bridging-Header.h";
				SWIFT_VERSION = 3.0;
			};
			name = Release;
		};
		4B5B7A431DBE08F2006E7C39 /* Debug */ = {
			isa = XCBuildConfiguration;
			buildSettings = {
				ALWAYS_EMBED_SWIFT_STANDARD_LIBRARIES = YES;
				BUNDLE_LOADER = "$(TEST_HOST)";
				INFOPLIST_FILE = AlarmClockTests/Info.plist;
				LD_RUNPATH_SEARCH_PATHS = "$(inherited) @executable_path/Frameworks @loader_path/Frameworks";
				PRODUCT_BUNDLE_IDENTIFIER = de.reneUser.AlarmClockTests;
				PRODUCT_NAME = "$(TARGET_NAME)";
				SWIFT_VERSION = 3.0;
				TEST_HOST = "$(BUILT_PRODUCTS_DIR)/AlarmClock.app/AlarmClock";
			};
			name = Debug;
		};
		4B5B7A441DBE08F2006E7C39 /* Release */ = {
			isa = XCBuildConfiguration;
			buildSettings = {
				ALWAYS_EMBED_SWIFT_STANDARD_LIBRARIES = YES;
				BUNDLE_LOADER = "$(TEST_HOST)";
				INFOPLIST_FILE = AlarmClockTests/Info.plist;
				LD_RUNPATH_SEARCH_PATHS = "$(inherited) @executable_path/Frameworks @loader_path/Frameworks";
				PRODUCT_BUNDLE_IDENTIFIER = de.reneUser.AlarmClockTests;
				PRODUCT_NAME = "$(TARGET_NAME)";
				SWIFT_VERSION = 3.0;
				TEST_HOST = "$(BUILT_PRODUCTS_DIR)/AlarmClock.app/AlarmClock";
			};
			name = Release;
		};
		4B5B7A461DBE08F2006E7C39 /* Debug */ = {
			isa = XCBuildConfiguration;
			buildSettings = {
				ALWAYS_EMBED_SWIFT_STANDARD_LIBRARIES = YES;
				INFOPLIST_FILE = AlarmClockUITests/Info.plist;
				LD_RUNPATH_SEARCH_PATHS = "$(inherited) @executable_path/Frameworks @loader_path/Frameworks";
				PRODUCT_BUNDLE_IDENTIFIER = de.reneUser.AlarmClockUITests;
				PRODUCT_NAME = "$(TARGET_NAME)";
				SWIFT_VERSION = 3.0;
				TEST_TARGET_NAME = AlarmClock;
			};
			name = Debug;
		};
		4B5B7A471DBE08F2006E7C39 /* Release */ = {
			isa = XCBuildConfiguration;
			buildSettings = {
				ALWAYS_EMBED_SWIFT_STANDARD_LIBRARIES = YES;
				INFOPLIST_FILE = AlarmClockUITests/Info.plist;
				LD_RUNPATH_SEARCH_PATHS = "$(inherited) @executable_path/Frameworks @loader_path/Frameworks";
				PRODUCT_BUNDLE_IDENTIFIER = de.reneUser.AlarmClockUITests;
				PRODUCT_NAME = "$(TARGET_NAME)";
				SWIFT_VERSION = 3.0;
				TEST_TARGET_NAME = AlarmClock;
			};
			name = Release;
		};
/* End XCBuildConfiguration section */

/* Begin XCConfigurationList section */
		4B5B7A0F1DBE08F2006E7C39 /* Build configuration list for PBXProject "AlarmClock" */ = {
			isa = XCConfigurationList;
			buildConfigurations = (
				4B5B7A3D1DBE08F2006E7C39 /* Debug */,
				4B5B7A3E1DBE08F2006E7C39 /* Release */,
			);
			defaultConfigurationIsVisible = 0;
			defaultConfigurationName = Release;
		};
		4B5B7A3F1DBE08F2006E7C39 /* Build configuration list for PBXNativeTarget "AlarmClock" */ = {
			isa = XCConfigurationList;
			buildConfigurations = (
				4B5B7A401DBE08F2006E7C39 /* Debug */,
				4B5B7A411DBE08F2006E7C39 /* Release */,
			);
			defaultConfigurationIsVisible = 0;
			defaultConfigurationName = Release;
		};
		4B5B7A421DBE08F2006E7C39 /* Build configuration list for PBXNativeTarget "AlarmClockTests" */ = {
			isa = XCConfigurationList;
			buildConfigurations = (
				4B5B7A431DBE08F2006E7C39 /* Debug */,
				4B5B7A441DBE08F2006E7C39 /* Release */,
			);
			defaultConfigurationIsVisible = 0;
			defaultConfigurationName = Release;
		};
		4B5B7A451DBE08F2006E7C39 /* Build configuration list for PBXNativeTarget "AlarmClockUITests" */ = {
			isa = XCConfigurationList;
			buildConfigurations = (
				4B5B7A461DBE08F2006E7C39 /* Debug */,
				4B5B7A471DBE08F2006E7C39 /* Release */,
			);
			defaultConfigurationIsVisible = 0;
			defaultConfigurationName = Release;
		};
/* End XCConfigurationList section */

/* Begin XCVersionGroup section */
		4B5B7A1E1DBE08F2006E7C39 /* AlarmClock.xcdatamodeld */ = {
			isa = XCVersionGroup;
			children = (
				4B5B7A1F1DBE08F2006E7C39 /* AlarmClock.xcdatamodel */,
			);
			currentVersion = 4B5B7A1F1DBE08F2006E7C39 /* AlarmClock.xcdatamodel */;
			path = AlarmClock.xcdatamodeld;
			sourceTree = "<group>";
			versionGroupType = wrapper.xcdatamodel;
		};
/* End XCVersionGroup section */
	};
	rootObject = 4B5B7A0C1DBE08F2006E7C39 /* Project object */;
}
